github.com/common-fate/httpsig v0.1.1 h1:TbyYtCIR4corQ4AhE7QGAWDQQwnihausHNMr4QY4U4g=
github.com/common-fate/httpsig v0.1.1/go.mod h1:nMk4aBS8GDo8tiUMLqB60W6I3+BiNH5Uj437pV61Jl8=
github.com/dunglas/httpsfv v1.0.2 h1:iERDp/YAfnojSDJ7PW3dj1AReJz4MrwbECSSE59JWL0=
github.com/dunglas/httpsfv v1.0.2/go.mod h1:zID2mqw9mFsnt7YC3vYQ9/cjq30q41W+1AnDwH8TiMg=
github.com/google/go-cmp v0.6.0 h1:ofyhxvXcZhMsU5ulbFiLKl/XBFqE1GSq7atu8tAmTRI=
github.com/google/go-cmp v0.6.0/go.mod h1:17dUlkBOakJ0+DkrSSNjCkIjxS6bF9zb3elmeNGIjoY=
